
Microsoft Visual Studio Solution File, Format Version 12.00
# Visual Studio Version 16
VisualStudioVersion = 16.0.28729.10
MinimumVisualStudioVersion = 10.0.40219.1
Project("{9A19103F-16F7-4668-BE54-9A1E7A4F7556}") = "WebApiCanales", "WebApiCanales\WebApiCanales.csproj", "{CE46C97F-60B3-4DF5-A1CC-7CF6602F36F5}"
EndProject
Global
	GlobalSection(SolutionConfigurationPlatforms) = preSolution
		Debug|Any CPU = Debug|Any CPU
		Release|Any CPU = Release|Any CPU
	EndGlobalSection
	GlobalSection(ProjectConfigurationPlatforms) = postSolution
		{CE46C97F-60B3-4DF5-A1CC-7CF6602F36F5}.Debug|Any CPU.ActiveCfg = Debug|Any CPU
		{CE46C97F-60B3-4DF5-A1CC-7CF6602F36F5}.Debug|Any CPU.Build.0 = Debug|Any CPU
		{CE46C97F-60B3-4DF5-A1CC-7CF6602F36F5}.Release|Any CPU.ActiveCfg = Release|Any CPU
		{CE46C97F-60B3-4DF5-A1CC-7CF6602F36F5}.Release|Any CPU.Build.0 = Release|Any CPU
	EndGlobalSection
	GlobalSection(SolutionProperties) = preSolution
		HideSolutionNode = FALSE
	EndGlobalSection
	GlobalSection(ExtensibilityGlobals) = postSolution
		SolutionGuid = {BA8D02F6-B9F5-48E5-808A-233BE6E56B40}
	EndGlobalSection
EndGlobal
